
Microsoft Visual Studio Solution File, Format Version 12.00
# Visual Studio Version 16
VisualStudioVersion = 16.0.31515.178
MinimumVisualStudioVersion = 10.0.40219.1
Project("{FAE04EC0-301F-11D3-BF4B-00C04F79EFBC}") = "CinemaApp", "CinemaApp\CinemaApp.csproj", "{E07AE853-B396-4273-9C65-010B566B3D17}"
EndProject
Global
	GlobalSection(SolutionConfigurationPlatforms) = preSolution
		Debug|Any CPU = Debug|Any CPU
		Release|Any CPU = Release|Any CPU
	EndGlobalSection
	GlobalSection(ProjectConfigurationPlatforms) = postSolution
		{E07AE853-B396-4273-9C65-010B566B3D17}.Debug|Any CPU.ActiveCfg = Debug|Any CPU
		{E07AE853-B396-4273-9C65-010B566B3D17}.Debug|Any CPU.Build.0 = Debug|Any CPU
		{E07AE853-B396-4273-9C65-010B566B3D17}.Release|Any CPU.ActiveCfg = Release|Any CPU
		{E07AE853-B396-4273-9C65-010B566B3D17}.Release|Any CPU.Build.0 = Release|Any CPU
	EndGlobalSection
	GlobalSection(SolutionProperties) = preSolution
		HideSolutionNode = FALSE
	EndGlobalSection
	GlobalSection(ExtensibilityGlobals) = postSolution
		SolutionGuid = {3A62ED88-557C-4C76-A16B-5C5DEAB25AA7}
	EndGlobalSection
EndGlobal
